
Microsoft Visual Studio Solution File, Format Version 12.00
# Visual Studio Version 17
VisualStudioVersion = 17.2.32630.192
MinimumVisualStudioVersion = 10.0.40219.1
Project("{FAE04EC0-301F-11D3-BF4B-00C04F79EFBC}") = "Movies.API", "Movies.API\Movies.API.csproj", "{68341F60-AD67-49FE-8AF2-0ADD472FEE68}"
EndProject
Global
	GlobalSection(SolutionConfigurationPlatforms) = preSolution
		Debug|Any CPU = Debug|Any CPU
		Release|Any CPU = Release|Any CPU
	EndGlobalSection
	GlobalSection(ProjectConfigurationPlatforms) = postSolution
		{68341F60-AD67-49FE-8AF2-0ADD472FEE68}.Debug|Any CPU.ActiveCfg = Debug|Any CPU
		{68341F60-AD67-49FE-8AF2-0ADD472FEE68}.Debug|Any CPU.Build.0 = Debug|Any CPU
		{68341F60-AD67-49FE-8AF2-0ADD472FEE68}.Release|Any CPU.ActiveCfg = Release|Any CPU
		{68341F60-AD67-49FE-8AF2-0ADD472FEE68}.Release|Any CPU.Build.0 = Release|Any CPU
	EndGlobalSection
	GlobalSection(SolutionProperties) = preSolution
		HideSolutionNode = FALSE
	EndGlobalSection
	GlobalSection(ExtensibilityGlobals) = postSolution
		SolutionGuid = {5D9F435D-D6F0-44A8-8FF8-F00D2DC097F5}
	EndGlobalSection
EndGlobal
